
Microsoft Visual Studio Solution File, Format Version 12.00
# Visual Studio Version 17
VisualStudioVersion = 17.7.34202.233
MinimumVisualStudioVersion = 10.0.40219.1
Project("{FAE04EC0-301F-11D3-BF4B-00C04F79EFBC}") = "task5", "task5\task5.csproj", "{B44E68EC-2BCC-4DF5-9932-337AC4C5991B}"
EndProject
Global
	GlobalSection(SolutionConfigurationPlatforms) = preSolution
		Debug|Any CPU = Debug|Any CPU
		Release|Any CPU = Release|Any CPU
	EndGlobalSection
	GlobalSection(ProjectConfigurationPlatforms) = postSolution
		{B44E68EC-2BCC-4DF5-9932-337AC4C5991B}.Debug|Any CPU.ActiveCfg = Debug|Any CPU
		{B44E68EC-2BCC-4DF5-9932-337AC4C5991B}.Debug|Any CPU.Build.0 = Debug|Any CPU
		{B44E68EC-2BCC-4DF5-9932-337AC4C5991B}.Release|Any CPU.ActiveCfg = Release|Any CPU
		{B44E68EC-2BCC-4DF5-9932-337AC4C5991B}.Release|Any CPU.Build.0 = Release|Any CPU
	EndGlobalSection
	GlobalSection(SolutionProperties) = preSolution
		HideSolutionNode = FALSE
	EndGlobalSection
	GlobalSection(ExtensibilityGlobals) = postSolution
		SolutionGuid = {EB124E9E-033F-4968-854F-22444A3DA35F}
	EndGlobalSection
EndGlobal
